
Microsoft Visual Studio Solution File, Format Version 12.00
# Visual Studio Version 17
VisualStudioVersion = 17.6.33815.320
MinimumVisualStudioVersion = 10.0.40219.1
Project("{FAE04EC0-301F-11D3-BF4B-00C04F79EFBC}") = "ConsoleApp", "ConsoleApp\ConsoleApp.csproj", "{2197032C-1A07-449A-AE1E-559AECBC45D8}"
EndProject
Global
	GlobalSection(SolutionConfigurationPlatforms) = preSolution
		Debug|Any CPU = Debug|Any CPU
		Release|Any CPU = Release|Any CPU
	EndGlobalSection
	GlobalSection(ProjectConfigurationPlatforms) = postSolution
		{2197032C-1A07-449A-AE1E-559AECBC45D8}.Debug|Any CPU.ActiveCfg = Debug|Any CPU
		{2197032C-1A07-449A-AE1E-559AECBC45D8}.Debug|Any CPU.Build.0 = Debug|Any CPU
		{2197032C-1A07-449A-AE1E-559AECBC45D8}.Release|Any CPU.ActiveCfg = Release|Any CPU
		{2197032C-1A07-449A-AE1E-559AECBC45D8}.Release|Any CPU.Build.0 = Release|Any CPU
	EndGlobalSection
	GlobalSection(SolutionProperties) = preSolution
		HideSolutionNode = FALSE
	EndGlobalSection
	GlobalSection(ExtensibilityGlobals) = postSolution
		SolutionGuid = {2453978E-3D3B-4A39-9618-68B5BA25EE88}
	EndGlobalSection
EndGlobal
