
Microsoft Visual Studio Solution File, Format Version 12.00
# Visual Studio Version 17
VisualStudioVersion = 17.6.33815.320
MinimumVisualStudioVersion = 10.0.40219.1
Project("{FAE04EC0-301F-11D3-BF4B-00C04F79EFBC}") = "ConsoleApp", "ConsoleApp\ConsoleApp.csproj", "{0CD304BE-F656-4EB4-BED2-B21BC29843E9}"
EndProject
Global
	GlobalSection(SolutionConfigurationPlatforms) = preSolution
		Debug|Any CPU = Debug|Any CPU
		Release|Any CPU = Release|Any CPU
	EndGlobalSection
	GlobalSection(ProjectConfigurationPlatforms) = postSolution
		{0CD304BE-F656-4EB4-BED2-B21BC29843E9}.Debug|Any CPU.ActiveCfg = Debug|Any CPU
		{0CD304BE-F656-4EB4-BED2-B21BC29843E9}.Debug|Any CPU.Build.0 = Debug|Any CPU
		{0CD304BE-F656-4EB4-BED2-B21BC29843E9}.Release|Any CPU.ActiveCfg = Release|Any CPU
		{0CD304BE-F656-4EB4-BED2-B21BC29843E9}.Release|Any CPU.Build.0 = Release|Any CPU
	EndGlobalSection
	GlobalSection(SolutionProperties) = preSolution
		HideSolutionNode = FALSE
	EndGlobalSection
	GlobalSection(ExtensibilityGlobals) = postSolution
		SolutionGuid = {C5505113-5AC0-4F82-9785-159E3DF9EFAE}
	EndGlobalSection
EndGlobal
