
Microsoft Visual Studio Solution File, Format Version 12.00
# Visual Studio Version 17
VisualStudioVersion = 17.6.33815.320
MinimumVisualStudioVersion = 10.0.40219.1
Project("{FAE04EC0-301F-11D3-BF4B-00C04F79EFBC}") = "ConsoleApp", "ConsoleApp\ConsoleApp.csproj", "{5581B77E-9148-4CE2-934A-8A2F5CC5011B}"
EndProject
Global
	GlobalSection(SolutionConfigurationPlatforms) = preSolution
		Debug|Any CPU = Debug|Any CPU
		Release|Any CPU = Release|Any CPU
	EndGlobalSection
	GlobalSection(ProjectConfigurationPlatforms) = postSolution
		{5581B77E-9148-4CE2-934A-8A2F5CC5011B}.Debug|Any CPU.ActiveCfg = Debug|Any CPU
		{5581B77E-9148-4CE2-934A-8A2F5CC5011B}.Debug|Any CPU.Build.0 = Debug|Any CPU
		{5581B77E-9148-4CE2-934A-8A2F5CC5011B}.Release|Any CPU.ActiveCfg = Release|Any CPU
		{5581B77E-9148-4CE2-934A-8A2F5CC5011B}.Release|Any CPU.Build.0 = Release|Any CPU
	EndGlobalSection
	GlobalSection(SolutionProperties) = preSolution
		HideSolutionNode = FALSE
	EndGlobalSection
	GlobalSection(ExtensibilityGlobals) = postSolution
		SolutionGuid = {F3BAD9DD-5CD0-499E-8EFF-82E7A7F27DED}
	EndGlobalSection
EndGlobal
