
Microsoft Visual Studio Solution File, Format Version 12.00
# Visual Studio Version 17
VisualStudioVersion = 17.6.33815.320
MinimumVisualStudioVersion = 10.0.40219.1
Project("{FAE04EC0-301F-11D3-BF4B-00C04F79EFBC}") = "ConsoleApp", "ConsoleApp\ConsoleApp.csproj", "{D8BAAC4C-0DB5-4748-97E8-40F6E67CD47B}"
EndProject
Global
	GlobalSection(SolutionConfigurationPlatforms) = preSolution
		Debug|Any CPU = Debug|Any CPU
		Release|Any CPU = Release|Any CPU
	EndGlobalSection
	GlobalSection(ProjectConfigurationPlatforms) = postSolution
		{D8BAAC4C-0DB5-4748-97E8-40F6E67CD47B}.Debug|Any CPU.ActiveCfg = Debug|Any CPU
		{D8BAAC4C-0DB5-4748-97E8-40F6E67CD47B}.Debug|Any CPU.Build.0 = Debug|Any CPU
		{D8BAAC4C-0DB5-4748-97E8-40F6E67CD47B}.Release|Any CPU.ActiveCfg = Release|Any CPU
		{D8BAAC4C-0DB5-4748-97E8-40F6E67CD47B}.Release|Any CPU.Build.0 = Release|Any CPU
	EndGlobalSection
	GlobalSection(SolutionProperties) = preSolution
		HideSolutionNode = FALSE
	EndGlobalSection
	GlobalSection(ExtensibilityGlobals) = postSolution
		SolutionGuid = {98EC3A7A-2E30-4D96-817D-6A4F65C4715C}
	EndGlobalSection
EndGlobal
