
Microsoft Visual Studio Solution File, Format Version 12.00
# Visual Studio Version 17
VisualStudioVersion = 17.6.33815.320
MinimumVisualStudioVersion = 10.0.40219.1
Project("{FAE04EC0-301F-11D3-BF4B-00C04F79EFBC}") = "ConsoleApp", "ConsoleApp\ConsoleApp.csproj", "{65F64ECE-A92A-4F66-8B37-E683028398AF}"
EndProject
Global
	GlobalSection(SolutionConfigurationPlatforms) = preSolution
		Debug|Any CPU = Debug|Any CPU
		Release|Any CPU = Release|Any CPU
	EndGlobalSection
	GlobalSection(ProjectConfigurationPlatforms) = postSolution
		{65F64ECE-A92A-4F66-8B37-E683028398AF}.Debug|Any CPU.ActiveCfg = Debug|Any CPU
		{65F64ECE-A92A-4F66-8B37-E683028398AF}.Debug|Any CPU.Build.0 = Debug|Any CPU
		{65F64ECE-A92A-4F66-8B37-E683028398AF}.Release|Any CPU.ActiveCfg = Release|Any CPU
		{65F64ECE-A92A-4F66-8B37-E683028398AF}.Release|Any CPU.Build.0 = Release|Any CPU
	EndGlobalSection
	GlobalSection(SolutionProperties) = preSolution
		HideSolutionNode = FALSE
	EndGlobalSection
	GlobalSection(ExtensibilityGlobals) = postSolution
		SolutionGuid = {5E735404-5651-4414-A835-236B4BBB9CA2}
	EndGlobalSection
EndGlobal
