
Microsoft Visual Studio Solution File, Format Version 12.00
# Visual Studio Version 17
VisualStudioVersion = 17.6.33815.320
MinimumVisualStudioVersion = 10.0.40219.1
Project("{FAE04EC0-301F-11D3-BF4B-00C04F79EFBC}") = "ConsoleApp", "ConsoleApp\ConsoleApp.csproj", "{390B474B-6566-43A1-A1A2-43E0D13C2723}"
EndProject
Global
	GlobalSection(SolutionConfigurationPlatforms) = preSolution
		Debug|Any CPU = Debug|Any CPU
		Release|Any CPU = Release|Any CPU
	EndGlobalSection
	GlobalSection(ProjectConfigurationPlatforms) = postSolution
		{390B474B-6566-43A1-A1A2-43E0D13C2723}.Debug|Any CPU.ActiveCfg = Debug|Any CPU
		{390B474B-6566-43A1-A1A2-43E0D13C2723}.Debug|Any CPU.Build.0 = Debug|Any CPU
		{390B474B-6566-43A1-A1A2-43E0D13C2723}.Release|Any CPU.ActiveCfg = Release|Any CPU
		{390B474B-6566-43A1-A1A2-43E0D13C2723}.Release|Any CPU.Build.0 = Release|Any CPU
	EndGlobalSection
	GlobalSection(SolutionProperties) = preSolution
		HideSolutionNode = FALSE
	EndGlobalSection
	GlobalSection(ExtensibilityGlobals) = postSolution
		SolutionGuid = {961D15E4-C783-4CDA-99B7-CD26F44961A9}
	EndGlobalSection
EndGlobal
