
Microsoft Visual Studio Solution File, Format Version 12.00
# Visual Studio Version 17
VisualStudioVersion = 17.6.33815.320
MinimumVisualStudioVersion = 10.0.40219.1
Project("{FAE04EC0-301F-11D3-BF4B-00C04F79EFBC}") = "WindowsFormsApp", "WindowsFormsApp\WindowsFormsApp.csproj", "{CA1B8D64-4172-4268-A097-97A79FF25D12}"
EndProject
Global
	GlobalSection(SolutionConfigurationPlatforms) = preSolution
		Debug|Any CPU = Debug|Any CPU
		Release|Any CPU = Release|Any CPU
	EndGlobalSection
	GlobalSection(ProjectConfigurationPlatforms) = postSolution
		{CA1B8D64-4172-4268-A097-97A79FF25D12}.Debug|Any CPU.ActiveCfg = Debug|Any CPU
		{CA1B8D64-4172-4268-A097-97A79FF25D12}.Debug|Any CPU.Build.0 = Debug|Any CPU
		{CA1B8D64-4172-4268-A097-97A79FF25D12}.Release|Any CPU.ActiveCfg = Release|Any CPU
		{CA1B8D64-4172-4268-A097-97A79FF25D12}.Release|Any CPU.Build.0 = Release|Any CPU
	EndGlobalSection
	GlobalSection(SolutionProperties) = preSolution
		HideSolutionNode = FALSE
	EndGlobalSection
	GlobalSection(ExtensibilityGlobals) = postSolution
		SolutionGuid = {30FE581F-9BD5-4FCB-BAC4-4F67A84F06CE}
	EndGlobalSection
EndGlobal
