
Microsoft Visual Studio Solution File, Format Version 12.00
# Visual Studio Version 17
VisualStudioVersion = 17.6.33815.320
MinimumVisualStudioVersion = 10.0.40219.1
Project("{FAE04EC0-301F-11D3-BF4B-00C04F79EFBC}") = "ConsoleApp", "ConsoleApp\ConsoleApp.csproj", "{6DB89620-9613-4431-853F-70EAE6DC5F70}"
EndProject
Global
	GlobalSection(SolutionConfigurationPlatforms) = preSolution
		Debug|Any CPU = Debug|Any CPU
		Release|Any CPU = Release|Any CPU
	EndGlobalSection
	GlobalSection(ProjectConfigurationPlatforms) = postSolution
		{6DB89620-9613-4431-853F-70EAE6DC5F70}.Debug|Any CPU.ActiveCfg = Debug|Any CPU
		{6DB89620-9613-4431-853F-70EAE6DC5F70}.Debug|Any CPU.Build.0 = Debug|Any CPU
		{6DB89620-9613-4431-853F-70EAE6DC5F70}.Release|Any CPU.ActiveCfg = Release|Any CPU
		{6DB89620-9613-4431-853F-70EAE6DC5F70}.Release|Any CPU.Build.0 = Release|Any CPU
	EndGlobalSection
	GlobalSection(SolutionProperties) = preSolution
		HideSolutionNode = FALSE
	EndGlobalSection
	GlobalSection(ExtensibilityGlobals) = postSolution
		SolutionGuid = {8F321FCC-346C-4FE2-BFB5-AE0A7B81E3FD}
	EndGlobalSection
EndGlobal
