
Microsoft Visual Studio Solution File, Format Version 12.00
# Visual Studio Version 17
VisualStudioVersion = 17.6.33815.320
MinimumVisualStudioVersion = 10.0.40219.1
Project("{FAE04EC0-301F-11D3-BF4B-00C04F79EFBC}") = "ConsoleApp", "ConsoleApp\ConsoleApp.csproj", "{DE211E45-1563-48F6-99D6-6AC807B93299}"
EndProject
Global
	GlobalSection(SolutionConfigurationPlatforms) = preSolution
		Debug|Any CPU = Debug|Any CPU
		Release|Any CPU = Release|Any CPU
	EndGlobalSection
	GlobalSection(ProjectConfigurationPlatforms) = postSolution
		{DE211E45-1563-48F6-99D6-6AC807B93299}.Debug|Any CPU.ActiveCfg = Debug|Any CPU
		{DE211E45-1563-48F6-99D6-6AC807B93299}.Debug|Any CPU.Build.0 = Debug|Any CPU
		{DE211E45-1563-48F6-99D6-6AC807B93299}.Release|Any CPU.ActiveCfg = Release|Any CPU
		{DE211E45-1563-48F6-99D6-6AC807B93299}.Release|Any CPU.Build.0 = Release|Any CPU
	EndGlobalSection
	GlobalSection(SolutionProperties) = preSolution
		HideSolutionNode = FALSE
	EndGlobalSection
	GlobalSection(ExtensibilityGlobals) = postSolution
		SolutionGuid = {1037DC25-7B3B-4761-B4FE-8E85D7E5E4E6}
	EndGlobalSection
EndGlobal
