
Microsoft Visual Studio Solution File, Format Version 12.00
# Visual Studio Version 17
VisualStudioVersion = 17.7.34202.233
MinimumVisualStudioVersion = 10.0.40219.1
Project("{FAE04EC0-301F-11D3-BF4B-00C04F79EFBC}") = "ConsoleApp1", "ConsoleApp1\ConsoleApp1.csproj", "{C83FC7AB-CE81-4E72-9B79-91D7F7668220}"
EndProject
Global
	GlobalSection(SolutionConfigurationPlatforms) = preSolution
		Debug|Any CPU = Debug|Any CPU
		Release|Any CPU = Release|Any CPU
	EndGlobalSection
	GlobalSection(ProjectConfigurationPlatforms) = postSolution
		{C83FC7AB-CE81-4E72-9B79-91D7F7668220}.Debug|Any CPU.ActiveCfg = Debug|Any CPU
		{C83FC7AB-CE81-4E72-9B79-91D7F7668220}.Debug|Any CPU.Build.0 = Debug|Any CPU
		{C83FC7AB-CE81-4E72-9B79-91D7F7668220}.Release|Any CPU.ActiveCfg = Release|Any CPU
		{C83FC7AB-CE81-4E72-9B79-91D7F7668220}.Release|Any CPU.Build.0 = Release|Any CPU
	EndGlobalSection
	GlobalSection(SolutionProperties) = preSolution
		HideSolutionNode = FALSE
	EndGlobalSection
	GlobalSection(ExtensibilityGlobals) = postSolution
		SolutionGuid = {D5334F0C-93FF-484F-A45D-16460DF2C4C9}
	EndGlobalSection
EndGlobal
